
Microsoft Visual Studio Solution File, Format Version 12.00
# Visual Studio 15
VisualStudioVersion = 15.0.26430.14
MinimumVisualStudioVersion = 10.0.40219.1
Project("{9A19103F-16F7-4668-BE54-9A1E7A4F7556}") = "GPS.SimpleHelpers", "GPS.SimpleHelpers\GPS.SimpleHelpers.csproj", "{35EE4C3E-AD2D-4078-8408-632720FD7BDA}"
EndProject
Project("{2150E333-8FDC-42A3-9474-1A3956D46DE8}") = "Solution Items", "Solution Items", "{3EA397B9-4E4A-461A-BBD8-59E92558F957}"
	ProjectSection(SolutionItems) = preProject
		Deploy.ps1 = Deploy.ps1
		GPS.SimpleHelpers\PasswordProtectedKey.pfx = GPS.SimpleHelpers\PasswordProtectedKey.pfx
		ReleaseNotes.txt = ReleaseNotes.txt
	EndProjectSection
EndProject
Project("{9A19103F-16F7-4668-BE54-9A1E7A4F7556}") = "GPS.SimpleHelpers.Tests", "GPS.SimpleHelpers.Tests\GPS.SimpleHelpers.Tests.csproj", "{09EE10F5-91A5-4C34-8FFE-C073B7EFD5F7}"
EndProject
Global
	GlobalSection(SolutionConfigurationPlatforms) = preSolution
		Debug|Any CPU = Debug|Any CPU
		Release|Any CPU = Release|Any CPU
	EndGlobalSection
	GlobalSection(ProjectConfigurationPlatforms) = postSolution
		{35EE4C3E-AD2D-4078-8408-632720FD7BDA}.Debug|Any CPU.ActiveCfg = Debug|Any CPU
		{35EE4C3E-AD2D-4078-8408-632720FD7BDA}.Debug|Any CPU.Build.0 = Debug|Any CPU
		{35EE4C3E-AD2D-4078-8408-632720FD7BDA}.Release|Any CPU.ActiveCfg = Release|Any CPU
		{35EE4C3E-AD2D-4078-8408-632720FD7BDA}.Release|Any CPU.Build.0 = Release|Any CPU
		{09EE10F5-91A5-4C34-8FFE-C073B7EFD5F7}.Debug|Any CPU.ActiveCfg = Debug|Any CPU
		{09EE10F5-91A5-4C34-8FFE-C073B7EFD5F7}.Debug|Any CPU.Build.0 = Debug|Any CPU
		{09EE10F5-91A5-4C34-8FFE-C073B7EFD5F7}.Release|Any CPU.ActiveCfg = Release|Any CPU
		{09EE10F5-91A5-4C34-8FFE-C073B7EFD5F7}.Release|Any CPU.Build.0 = Release|Any CPU
	EndGlobalSection
	GlobalSection(SolutionProperties) = preSolution
		HideSolutionNode = FALSE
	EndGlobalSection
	GlobalSection(ExtensibilityGlobals) = postSolution
		SolutionGuid = {DEE85C47-3365-4E27-A13D-6B5956A37B30}
	EndGlobalSection
EndGlobal
